{
  "lockfile_version": "1",
  "packages": {
    "go-task@latest": {
      "last_modified": "2024-09-10T15:01:03Z",
      "resolved": "github:NixOS/nixpkgs/5ed627539ac84809c78b2dd6d26a5cebeb5ae269#go-task",
      "source": "devbox-search",
      "version": "3.38.0",
      "systems": {
        "aarch64-darwin": {
          "outputs": [
            {
              "name": "out",
              "path": "/nix/store/6fnjga1f6y9yw0xfa7bqq48mk4wnwj60-go-task-3.38.0",
              "default": true
            }
          ],
          "store_path": "/nix/store/6fnjga1f6y9yw0xfa7bqq48mk4wnwj60-go-task-3.38.0"
        },
        "aarch64-linux": {
          "outputs": [
            {
              "name": "out",
              "path": "/nix/store/y00rivpjziw0zpzacdxjmrs5i28d7grf-go-task-3.38.0",
              "default": true
            }
          ],
          "store_path": "/nix/store/y00rivpjziw0zpzacdxjmrs5i28d7grf-go-task-3.38.0"
        },
        "x86_64-darwin": {
          "outputs": [
            {
              "name": "out",
              "path": "/nix/store/kc0zm9kgsraznqyns5jqv0dixfgk6fm7-go-task-3.38.0",
              "default": true
            }
          ],
          "store_path": "/nix/store/kc0zm9kgsraznqyns5jqv0dixfgk6fm7-go-task-3.38.0"
        },
        "x86_64-linux": {
          "outputs": [
            {
              "name": "out",
              "path": "/nix/store/6fya93gcf8sla6npxp99rnbvyj6pmnr5-go-task-3.38.0",
              "default": true
            }
          ],
          "store_path": "/nix/store/6fya93gcf8sla6npxp99rnbvyj6pmnr5-go-task-3.38.0"
        }
      }
    },
    "kubectl@1.30.1": {
      "last_modified": "2024-06-12T20:55:33Z",
      "resolved": "github:NixOS/nixpkgs/a9858885e197f984d92d7fe64e9fff6b2e488d40#kubectl",
      "source": "devbox-search",
      "version": "1.30.1",
      "systems": {
        "aarch64-darwin": {
          "outputs": [
            {
              "name": "out",
              "path": "/nix/store/mvq3vf4bgjnhld6zgswih693iksj1960-kubectl-1.30.1",
              "default": true
            },
            {
              "name": "man",
              "path": "/nix/store/0xm9f85xgnwnvrqls30zsznvkcc1fjqc-kubectl-1.30.1-man",
              "default": true
            },
            {
              "name": "convert",
              "path": "/nix/store/d876kj2p1mw9wdbjxyqiwigla3ginwnj-kubectl-1.30.1-convert"
            }
          ],
          "store_path": "/nix/store/mvq3vf4bgjnhld6zgswih693iksj1960-kubectl-1.30.1"
        },
        "aarch64-linux": {
          "outputs": [
            {
              "name": "out",
              "path": "/nix/store/zmayagj4i231kzvz9sglawg1dmzxskka-kubectl-1.30.1",
              "default": true
            },
            {
              "name": "man",
              "path": "/nix/store/sb9l8khqj56fagvfnfxghhd2wqh7agn2-kubectl-1.30.1-man",
              "default": true
            },
            {
              "name": "convert",
              "path": "/nix/store/jajfs9saxmyx1ziq95qvw298jik73429-kubectl-1.30.1-convert"
            }
          ],
          "store_path": "/nix/store/zmayagj4i231kzvz9sglawg1dmzxskka-kubectl-1.30.1"
        },
        "x86_64-darwin": {
          "outputs": [
            {
              "name": "out",
              "path": "/nix/store/p4pv6kz03shjzn8q88awa3ddywz356pj-kubectl-1.30.1",
              "default": true
            },
            {
              "name": "man",
              "path": "/nix/store/095qgq147rhlz24s656sb6g4c27cac3k-kubectl-1.30.1-man",
              "default": true
            },
            {
              "name": "convert",
              "path": "/nix/store/n2bmqzv7i0z7m1g11m35k1g9dkjzhzyd-kubectl-1.30.1-convert"
            }
          ],
          "store_path": "/nix/store/p4pv6kz03shjzn8q88awa3ddywz356pj-kubectl-1.30.1"
        },
        "x86_64-linux": {
          "outputs": [
            {
              "name": "out",
              "path": "/nix/store/xiznwi415zwc8ahkiyivaii32vlg80cv-kubectl-1.30.1",
              "default": true
            },
            {
              "name": "man",
              "path": "/nix/store/pnihbb2yqy5w697r73asxn2j7iizd70c-kubectl-1.30.1-man",
              "default": true
            },
            {
              "name": "convert",
              "path": "/nix/store/848hc2crdrjrnchv5r9clv326qz3q7vv-kubectl-1.30.1-convert"
            }
          ],
          "store_path": "/nix/store/xiznwi415zwc8ahkiyivaii32vlg80cv-kubectl-1.30.1"
        }
      }
    }
  }
}
